// !$*UTF8*$!
{
	archiveVersion = 1;
	classes = {
	};
	objectVersion = 55;
	objects = {

/* Begin PBXBuildFile section */
		7920CB3B28932AAC0041A771 /* CalculatorApp.swift in Sources */ = {isa = PBXBuildFile; fileRef = 7920CB3A28932AAC0041A771 /* CalculatorApp.swift */; };
		7920CB3F28932AAF0041A771 /* Assets.xcassets in Resources */ = {isa = PBXBuildFile; fileRef = 7920CB3E28932AAF0041A771 /* Assets.xcassets */; };
		7920CB4228932AAF0041A771 /* Preview Assets.xcassets in Resources */ = {isa = PBXBuildFile; fileRef = 7920CB4128932AAF0041A771 /* Preview Assets.xcassets */; };
		7920CB4928932ACD0041A771 /* CalculatorView.swift in Sources */ = {isa = PBXBuildFile; fileRef = 7920CB4828932ACD0041A771 /* CalculatorView.swift */; };
		7920CB4B28932C7D0041A771 /* ButtonType.swift in Sources */ = {isa = PBXBuildFile; fileRef = 7920CB4A28932C7D0041A771 /* ButtonType.swift */; };
		7920CB4F28932CC70041A771 /* Digit.swift in Sources */ = {isa = PBXBuildFile; fileRef = 7920CB4E28932CC70041A771 /* Digit.swift */; };
		7920CB5128932CD80041A771 /* ArithmeticOperation.swift in Sources */ = {isa = PBXBuildFile; fileRef = 7920CB5028932CD80041A771 /* ArithmeticOperation.swift */; };
		7920CB5428932FFD0041A771 /* CalculatorButtonStyle.swift in Sources */ = {isa = PBXBuildFile; fileRef = 7920CB5328932FFD0041A771 /* CalculatorButtonStyle.swift */; };
		7920CB57289330EF0041A771 /* CalculatorButton.swift in Sources */ = {isa = PBXBuildFile; fileRef = 7920CB56289330EF0041A771 /* CalculatorButton.swift */; };
		7920CB592893315B0041A771 /* Constants.swift in Sources */ = {isa = PBXBuildFile; fileRef = 7920CB582893315B0041A771 /* Constants.swift */; };
		7920CB5B289332EA0041A771 /* Calculator.swift in Sources */ = {isa = PBXBuildFile; fileRef = 7920CB5A289332EA0041A771 /* Calculator.swift */; };
		7920CB5D2893331A0041A771 /* CalculatorViewModel.swift in Sources */ = {isa = PBXBuildFile; fileRef = 7920CB5C2893331A0041A771 /* CalculatorViewModel.swift */; };
/* End PBXBuildFile section */

/* Begin PBXFileReference section */
		7920CB3728932AAC0041A771 /* Calculator.app */ = {isa = PBXFileReference; explicitFileType = wrapper.application; includeInIndex = 0; path = Calculator.app; sourceTree = BUILT_PRODUCTS_DIR; };
		7920CB3A28932AAC0041A771 /* CalculatorApp.swift */ = {isa = PBXFileReference; lastKnownFileType = sourcecode.swift; path = CalculatorApp.swift; sourceTree = "<group>"; };
		7920CB3E28932AAF0041A771 /* Assets.xcassets */ = {isa = PBXFileReference; lastKnownFileType = folder.assetcatalog; path = Assets.xcassets; sourceTree = "<group>"; };
		7920CB4128932AAF0041A771 /* Preview Assets.xcassets */ = {isa = PBXFileReference; lastKnownFileType = folder.assetcatalog; path = "Preview Assets.xcassets"; sourceTree = "<group>"; };
		7920CB4828932ACD0041A771 /* CalculatorView.swift */ = {isa = PBXFileReference; lastKnownFileType = sourcecode.swift; path = CalculatorView.swift; sourceTree = "<group>"; };
		7920CB4A28932C7D0041A771 /* ButtonType.swift */ = {isa = PBXFileReference; lastKnownFileType = sourcecode.swift; path = ButtonType.swift; sourceTree = "<group>"; };
		7920CB4E28932CC70041A771 /* Digit.swift */ = {isa = PBXFileReference; lastKnownFileType = sourcecode.swift; path = Digit.swift; sourceTree = "<group>"; };
		7920CB5028932CD80041A771 /* ArithmeticOperation.swift */ = {isa = PBXFileReference; lastKnownFileType = sourcecode.swift; path = ArithmeticOperation.swift; sourceTree = "<group>"; };
		7920CB5328932FFD0041A771 /* CalculatorButtonStyle.swift */ = {isa = PBXFileReference; lastKnownFileType = sourcecode.swift; path = CalculatorButtonStyle.swift; sourceTree = "<group>"; };
		7920CB56289330EF0041A771 /* CalculatorButton.swift */ = {isa = PBXFileReference; lastKnownFileType = sourcecode.swift; path = CalculatorButton.swift; sourceTree = "<group>"; };
		7920CB582893315B0041A771 /* Constants.swift */ = {isa = PBXFileReference; lastKnownFileType = sourcecode.swift; path = Constants.swift; sourceTree = "<group>"; };
		7920CB5A289332EA0041A771 /* Calculator.swift */ = {isa = PBXFileReference; lastKnownFileType = sourcecode.swift; path = Calculator.swift; sourceTree = "<group>"; };
		7920CB5C2893331A0041A771 /* CalculatorViewModel.swift */ = {isa = PBXFileReference; lastKnownFileType = sourcecode.swift; path = CalculatorViewModel.swift; sourceTree = "<group>"; };
/* End PBXFileReference section */

/* Begin PBXFrameworksBuildPhase section */
		7920CB3428932AAC0041A771 /* Frameworks */ = {
			isa = PBXFrameworksBuildPhase;
			buildActionMask = 2147483647;
			files = (
			);
			runOnlyForDeploymentPostprocessing = 0;
		};
/* End PBXFrameworksBuildPhase section */

/* Begin PBXGroup section */
		7920CB2E28932AAC0041A771 = {
			isa = PBXGroup;
			children = (
				7920CB3928932AAC0041A771 /* Calculator */,
				7920CB3828932AAC0041A771 /* Products */,
			);
			sourceTree = "<group>";
		};
		7920CB3828932AAC0041A771 /* Products */ = {
			isa = PBXGroup;
			children = (
				7920CB3728932AAC0041A771 /* Calculator.app */,
			);
			name = Products;
			sourceTree = "<group>";
		};
		7920CB3928932AAC0041A771 /* Calculator */ = {
			isa = PBXGroup;
			children = (
				7920CB5228932FEE0041A771 /* styles */,
				7920CB4D28932CA50041A771 /* views */,
				7920CB4C28932C9D0041A771 /* models */,
				7920CB3A28932AAC0041A771 /* CalculatorApp.swift */,
				7920CB3E28932AAF0041A771 /* Assets.xcassets */,
				7920CB4028932AAF0041A771 /* Preview Content */,
				7920CB582893315B0041A771 /* Constants.swift */,
			);
			path = Calculator;
			sourceTree = "<group>";
		};
		7920CB4028932AAF0041A771 /* Preview Content */ = {
			isa = PBXGroup;
			children = (
				7920CB4128932AAF0041A771 /* Preview Assets.xcassets */,
			);
			path = "Preview Content";
			sourceTree = "<group>";
		};
		7920CB4C28932C9D0041A771 /* models */ = {
			isa = PBXGroup;
			children = (
				7920CB4A28932C7D0041A771 /* ButtonType.swift */,
				7920CB4E28932CC70041A771 /* Digit.swift */,
				7920CB5028932CD80041A771 /* ArithmeticOperation.swift */,
				7920CB5A289332EA0041A771 /* Calculator.swift */,
			);
			path = models;
			sourceTree = "<group>";
		};
		7920CB4D28932CA50041A771 /* views */ = {
			isa = PBXGroup;
			children = (
				7920CB55289330D80041A771 /* Components */,
				7920CB4828932ACD0041A771 /* CalculatorView.swift */,
				7920CB5C2893331A0041A771 /* CalculatorViewModel.swift */,
			);
			path = views;
			sourceTree = "<group>";
		};
		7920CB5228932FEE0041A771 /* styles */ = {
			isa = PBXGroup;
			children = (
				7920CB5328932FFD0041A771 /* CalculatorButtonStyle.swift */,
			);
			path = styles;
			sourceTree = "<group>";
		};
		7920CB55289330D80041A771 /* Components */ = {
			isa = PBXGroup;
			children = (
				7920CB56289330EF0041A771 /* CalculatorButton.swift */,
			);
			path = Components;
			sourceTree = "<group>";
		};
/* End PBXGroup section */

/* Begin PBXNativeTarget section */
		7920CB3628932AAC0041A771 /* Calculator */ = {
			isa = PBXNativeTarget;
			buildConfigurationList = 7920CB4528932AAF0041A771 /* Build configuration list for PBXNativeTarget "Calculator" */;
			buildPhases = (
				7920CB3328932AAC0041A771 /* Sources */,
				7920CB3428932AAC0041A771 /* Frameworks */,
				7920CB3528932AAC0041A771 /* Resources */,
			);
			buildRules = (
			);
			dependencies = (
			);
			name = Calculator;
			productName = Calculator;
			productReference = 7920CB3728932AAC0041A771 /* Calculator.app */;
			productType = "com.apple.product-type.application";
		};
/* End PBXNativeTarget section */

/* Begin PBXProject section */
		7920CB2F28932AAC0041A771 /* Project object */ = {
			isa = PBXProject;
			attributes = {
				BuildIndependentTargetsInParallel = 1;
				LastSwiftUpdateCheck = 1340;
				LastUpgradeCheck = 1340;
				TargetAttributes = {
					7920CB3628932AAC0041A771 = {
						CreatedOnToolsVersion = 13.4;
					};
				};
			};
			buildConfigurationList = 7920CB3228932AAC0041A771 /* Build configuration list for PBXProject "Calculator" */;
			compatibilityVersion = "Xcode 13.0";
			developmentRegion = en;
			hasScannedForEncodings = 0;
			knownRegions = (
				en,
				Base,
			);
			mainGroup = 7920CB2E28932AAC0041A771;
			productRefGroup = 7920CB3828932AAC0041A771 /* Products */;
			projectDirPath = "";
			projectRoot = "";
			targets = (
				7920CB3628932AAC0041A771 /* Calculator */,
			);
		};
/* End PBXProject section */

/* Begin PBXResourcesBuildPhase section */
		7920CB3528932AAC0041A771 /* Resources */ = {
			isa = PBXResourcesBuildPhase;
			buildActionMask = 2147483647;
			files = (
				7920CB4228932AAF0041A771 /* Preview Assets.xcassets in Resources */,
				7920CB3F28932AAF0041A771 /* Assets.xcassets in Resources */,
			);
			runOnlyForDeploymentPostprocessing = 0;
		};
/* End PBXResourcesBuildPhase section */

/* Begin PBXSourcesBuildPhase section */
		7920CB3328932AAC0041A771 /* Sources */ = {
			isa = PBXSourcesBuildPhase;
			buildActionMask = 2147483647;
			files = (
				7920CB5128932CD80041A771 /* ArithmeticOperation.swift in Sources */,
				7920CB57289330EF0041A771 /* CalculatorButton.swift in Sources */,
				7920CB4928932ACD0041A771 /* CalculatorView.swift in Sources */,
				7920CB4B28932C7D0041A771 /* ButtonType.swift in Sources */,
				7920CB5D2893331A0041A771 /* CalculatorViewModel.swift in Sources */,
				7920CB5428932FFD0041A771 /* CalculatorButtonStyle.swift in Sources */,
				7920CB5B289332EA0041A771 /* Calculator.swift in Sources */,
				7920CB3B28932AAC0041A771 /* CalculatorApp.swift in Sources */,
				7920CB4F28932CC70041A771 /* Digit.swift in Sources */,
				7920CB592893315B0041A771 /* Constants.swift in Sources */,
			);
			runOnlyForDeploymentPostprocessing = 0;
		};
/* End PBXSourcesBuildPhase section */

/* Begin XCBuildConfiguration section */
		7920CB4328932AAF0041A771 /* Debug */ = {
			isa = XCBuildConfiguration;
			buildSettings = {
				ALWAYS_SEARCH_USER_PATHS = NO;
				CLANG_ANALYZER_NONNULL = YES;
				CLANG_ANALYZER_NUMBER_OBJECT_CONVERSION = YES_AGGRESSIVE;
				CLANG_CXX_LANGUAGE_STANDARD = "gnu++17";
				CLANG_ENABLE_MODULES = YES;
				CLANG_ENABLE_OBJC_ARC = YES;
				CLANG_ENABLE_OBJC_WEAK = YES;
				CLANG_WARN_BLOCK_CAPTURE_AUTORELEASING = YES;
				CLANG_WARN_BOOL_CONVERSION = YES;
				CLANG_WARN_COMMA = YES;
				CLANG_WARN_CONSTANT_CONVERSION = YES;
				CLANG_WARN_DEPRECATED_OBJC_IMPLEMENTATIONS = YES;
				CLANG_WARN_DIRECT_OBJC_ISA_USAGE = YES_ERROR;
				CLANG_WARN_DOCUMENTATION_COMMENTS = YES;
				CLANG_WARN_EMPTY_BODY = YES;
				CLANG_WARN_ENUM_CONVERSION = YES;
				CLANG_WARN_INFINITE_RECURSION = YES;
				CLANG_WARN_INT_CONVERSION = YES;
				CLANG_WARN_NON_LITERAL_NULL_CONVERSION = YES;
				CLANG_WARN_OBJC_IMPLICIT_RETAIN_SELF = YES;
				CLANG_WARN_OBJC_LITERAL_CONVERSION = YES;
				CLANG_WARN_OBJC_ROOT_CLASS = YES_ERROR;
				CLANG_WARN_QUOTED_INCLUDE_IN_FRAMEWORK_HEADER = YES;
				CLANG_WARN_RANGE_LOOP_ANALYSIS = YES;
				CLANG_WARN_STRICT_PROTOTYPES = YES;
				CLANG_WARN_SUSPICIOUS_MOVE = YES;
				CLANG_WARN_UNGUARDED_AVAILABILITY = YES_AGGRESSIVE;
				CLANG_WARN_UNREACHABLE_CODE = YES;
				CLANG_WARN__DUPLICATE_METHOD_MATCH = YES;
				COPY_PHASE_STRIP = NO;
				DEBUG_INFORMATION_FORMAT = dwarf;
				ENABLE_STRICT_OBJC_MSGSEND = YES;
				ENABLE_TESTABILITY = YES;
				GCC_C_LANGUAGE_STANDARD = gnu11;
				GCC_DYNAMIC_NO_PIC = NO;
				GCC_NO_COMMON_BLOCKS = YES;
				GCC_OPTIMIZATION_LEVEL = 0;
				GCC_PREPROCESSOR_DEFINITIONS = (
					"DEBUG=1",
					"$(inherited)",
				);
				GCC_WARN_64_TO_32_BIT_CONVERSION = YES;
				GCC_WARN_ABOUT_RETURN_TYPE = YES_ERROR;
				GCC_WARN_UNDECLARED_SELECTOR = YES;
				GCC_WARN_UNINITIALIZED_AUTOS = YES_AGGRESSIVE;
				GCC_WARN_UNUSED_FUNCTION = YES;
				GCC_WARN_UNUSED_VARIABLE = YES;
				IPHONEOS_DEPLOYMENT_TARGET = 15.5;
				MTL_ENABLE_DEBUG_INFO = INCLUDE_SOURCE;
				MTL_FAST_MATH = YES;
				ONLY_ACTIVE_ARCH = YES;
				SDKROOT = iphoneos;
				SWIFT_ACTIVE_COMPILATION_CONDITIONS = DEBUG;
				SWIFT_OPTIMIZATION_LEVEL = "-Onone";
			};
			name = Debug;
		};
		7920CB4428932AAF0041A771 /* Release */ = {
			isa = XCBuildConfiguration;
			buildSettings = {
				ALWAYS_SEARCH_USER_PATHS = NO;
				CLANG_ANALYZER_NONNULL = YES;
				CLANG_ANALYZER_NUMBER_OBJECT_CONVERSION = YES_AGGRESSIVE;
				CLANG_CXX_LANGUAGE_STANDARD = "gnu++17";
				CLANG_ENABLE_MODULES = YES;
				CLANG_ENABLE_OBJC_ARC = YES;
				CLANG_ENABLE_OBJC_WEAK = YES;
				CLANG_WARN_BLOCK_CAPTURE_AUTORELEASING = YES;
				CLANG_WARN_BOOL_CONVERSION = YES;
				CLANG_WARN_COMMA = YES;
				CLANG_WARN_CONSTANT_CONVERSION = YES;
				CLANG_WARN_DEPRECATED_OBJC_IMPLEMENTATIONS = YES;
				CLANG_WARN_DIRECT_OBJC_ISA_USAGE = YES_ERROR;
				CLANG_WARN_DOCUMENTATION_COMMENTS = YES;
				CLANG_WARN_EMPTY_BODY = YES;
				CLANG_WARN_ENUM_CONVERSION = YES;
				CLANG_WARN_INFINITE_RECURSION = YES;
				CLANG_WARN_INT_CONVERSION = YES;
				CLANG_WARN_NON_LITERAL_NULL_CONVERSION = YES;
				CLANG_WARN_OBJC_IMPLICIT_RETAIN_SELF = YES;
				CLANG_WARN_OBJC_LITERAL_CONVERSION = YES;
				CLANG_WARN_OBJC_ROOT_CLASS = YES_ERROR;
				CLANG_WARN_QUOTED_INCLUDE_IN_FRAMEWORK_HEADER = YES;
				CLANG_WARN_RANGE_LOOP_ANALYSIS = YES;
				CLANG_WARN_STRICT_PROTOTYPES = YES;
				CLANG_WARN_SUSPICIOUS_MOVE = YES;
				CLANG_WARN_UNGUARDED_AVAILABILITY = YES_AGGRESSIVE;
				CLANG_WARN_UNREACHABLE_CODE = YES;
				CLANG_WARN__DUPLICATE_METHOD_MATCH = YES;
				COPY_PHASE_STRIP = NO;
				DEBUG_INFORMATION_FORMAT = "dwarf-with-dsym";
				ENABLE_NS_ASSERTIONS = NO;
				ENABLE_STRICT_OBJC_MSGSEND = YES;
				GCC_C_LANGUAGE_STANDARD = gnu11;
				GCC_NO_COMMON_BLOCKS = YES;
				GCC_WARN_64_TO_32_BIT_CONVERSION = YES;
				GCC_WARN_ABOUT_RETURN_TYPE = YES_ERROR;
				GCC_WARN_UNDECLARED_SELECTOR = YES;
				GCC_WARN_UNINITIALIZED_AUTOS = YES_AGGRESSIVE;
				GCC_WARN_UNUSED_FUNCTION = YES;
				GCC_WARN_UNUSED_VARIABLE = YES;
				IPHONEOS_DEPLOYMENT_TARGET = 15.5;
				MTL_ENABLE_DEBUG_INFO = NO;
				MTL_FAST_MATH = YES;
				SDKROOT = iphoneos;
				SWIFT_COMPILATION_MODE = wholemodule;
				SWIFT_OPTIMIZATION_LEVEL = "-O";
				VALIDATE_PRODUCT = YES;
			};
			name = Release;
		};
		7920CB4628932AAF0041A771 /* Debug */ = {
			isa = XCBuildConfiguration;
			buildSettings = {
				ASSETCATALOG_COMPILER_APPICON_NAME = AppIcon;
				ASSETCATALOG_COMPILER_GLOBAL_ACCENT_COLOR_NAME = AccentColor;
				CODE_SIGN_STYLE = Automatic;
				CURRENT_PROJECT_VERSION = 1;
				DEVELOPMENT_ASSET_PATHS = "\"Calculator/Preview Content\"";
				DEVELOPMENT_TEAM = Z87X694MAK;
				ENABLE_PREVIEWS = YES;
				GENERATE_INFOPLIST_FILE = YES;
				INFOPLIST_KEY_UIApplicationSceneManifest_Generation = YES;
				INFOPLIST_KEY_UIApplicationSupportsIndirectInputEvents = YES;
				INFOPLIST_KEY_UILaunchScreen_Generation = YES;
				INFOPLIST_KEY_UISupportedInterfaceOrientations_iPad = "UIInterfaceOrientationPortrait UIInterfaceOrientationPortraitUpsideDown UIInterfaceOrientationLandscapeLeft UIInterfaceOrientationLandscapeRight";
				INFOPLIST_KEY_UISupportedInterfaceOrientations_iPhone = "UIInterfaceOrientationPortrait UIInterfaceOrientationLandscapeLeft UIInterfaceOrientationLandscapeRight";
				LD_RUNPATH_SEARCH_PATHS = (
					"$(inherited)",
					"@executable_path/Frameworks",
				);
				MARKETING_VERSION = 1.0;
				PRODUCT_BUNDLE_IDENTIFIER = com.nto.Calculator;
				PRODUCT_NAME = "$(TARGET_NAME)";
				SWIFT_EMIT_LOC_STRINGS = YES;
				SWIFT_VERSION = 5.0;
				TARGETED_DEVICE_FAMILY = "1,2";
			};
			name = Debug;
		};
		7920CB4728932AAF0041A771 /* Release */ = {
			isa = XCBuildConfiguration;
			buildSettings = {
				ASSETCATALOG_COMPILER_APPICON_NAME = AppIcon;
				ASSETCATALOG_COMPILER_GLOBAL_ACCENT_COLOR_NAME = AccentColor;
				CODE_SIGN_STYLE = Automatic;
				CURRENT_PROJECT_VERSION = 1;
				DEVELOPMENT_ASSET_PATHS = "\"Calculator/Preview Content\"";
				DEVELOPMENT_TEAM = Z87X694MAK;
				ENABLE_PREVIEWS = YES;
				GENERATE_INFOPLIST_FILE = YES;
				INFOPLIST_KEY_UIApplicationSceneManifest_Generation = YES;
				INFOPLIST_KEY_UIApplicationSupportsIndirectInputEvents = YES;
				INFOPLIST_KEY_UILaunchScreen_Generation = YES;
				INFOPLIST_KEY_UISupportedInterfaceOrientations_iPad = "UIInterfaceOrientationPortrait UIInterfaceOrientationPortraitUpsideDown UIInterfaceOrientationLandscapeLeft UIInterfaceOrientationLandscapeRight";
				INFOPLIST_KEY_UISupportedInterfaceOrientations_iPhone = "UIInterfaceOrientationPortrait UIInterfaceOrientationLandscapeLeft UIInterfaceOrientationLandscapeRight";
				LD_RUNPATH_SEARCH_PATHS = (
					"$(inherited)",
					"@executable_path/Frameworks",
				);
				MARKETING_VERSION = 1.0;
				PRODUCT_BUNDLE_IDENTIFIER = com.nto.Calculator;
				PRODUCT_NAME = "$(TARGET_NAME)";
				SWIFT_EMIT_LOC_STRINGS = YES;
				SWIFT_VERSION = 5.0;
				TARGETED_DEVICE_FAMILY = "1,2";
			};
			name = Release;
		};
/* End XCBuildConfiguration section */

/* Begin XCConfigurationList section */
		7920CB3228932AAC0041A771 /* Build configuration list for PBXProject "Calculator" */ = {
			isa = XCConfigurationList;
			buildConfigurations = (
				7920CB4328932AAF0041A771 /* Debug */,
				7920CB4428932AAF0041A771 /* Release */,
			);
			defaultConfigurationIsVisible = 0;
			defaultConfigurationName = Release;
		};
		7920CB4528932AAF0041A771 /* Build configuration list for PBXNativeTarget "Calculator" */ = {
			isa = XCConfigurationList;
			buildConfigurations = (
				7920CB4628932AAF0041A771 /* Debug */,
				7920CB4728932AAF0041A771 /* Release */,
			);
			defaultConfigurationIsVisible = 0;
			defaultConfigurationName = Release;
		};
/* End XCConfigurationList section */
	};
	rootObject = 7920CB2F28932AAC0041A771 /* Project object */;
}
